
Microsoft Visual Studio Solution File, Format Version 12.00
# Visual Studio Version 17
VisualStudioVersion = 17.10.35122.118
MinimumVisualStudioVersion = 10.0.40219.1
Project("{9A19103F-16F7-4668-BE54-9A1E7A4F7556}") = "ChineseReportDesigner", "ChineseReportDesigner.csproj", "{8ECEA2F7-03C6-4184-9564-8DE686E8941E}"
EndProject
Global
	GlobalSection(SolutionConfigurationPlatforms) = preSolution
		Debug|Any CPU = Debug|Any CPU
		Release|Any CPU = Release|Any CPU
	EndGlobalSection
	GlobalSection(ProjectConfigurationPlatforms) = postSolution
		{8ECEA2F7-03C6-4184-9564-8DE686E8941E}.Debug|Any CPU.ActiveCfg = Debug|Any CPU
		{8ECEA2F7-03C6-4184-9564-8DE686E8941E}.Debug|Any CPU.Build.0 = Debug|Any CPU
		{8ECEA2F7-03C6-4184-9564-8DE686E8941E}.Release|Any CPU.ActiveCfg = Release|Any CPU
		{8ECEA2F7-03C6-4184-9564-8DE686E8941E}.Release|Any CPU.Build.0 = Release|Any CPU
	EndGlobalSection
	GlobalSection(SolutionProperties) = preSolution
		HideSolutionNode = FALSE
	EndGlobalSection
	GlobalSection(ExtensibilityGlobals) = postSolution
		SolutionGuid = {9E36FB39-4374-43D6-A8F3-E91BDA0F3AC4}
	EndGlobalSection
EndGlobal
